// !$*UTF8*$!
{
	archiveVersion = 1;
	classes = {
	};
	objectVersion = 50;
	objects = {

/* Begin PBXBuildFile section */
		9C268534271266DE007224C6 /* AppDelegate.swift in Sources */ = {isa = PBXBuildFile; fileRef = 9C268533271266DE007224C6 /* AppDelegate.swift */; };
		9C26853D271266DF007224C6 /* Assets.xcassets in Resources */ = {isa = PBXBuildFile; fileRef = 9C26853C271266DF007224C6 /* Assets.xcassets */; };
		9C268540271266DF007224C6 /* LaunchScreen.storyboard in Resources */ = {isa = PBXBuildFile; fileRef = 9C26853E271266DF007224C6 /* LaunchScreen.storyboard */; };
		9C26854B271266DF007224C6 /* ImageLibraryTests.swift in Sources */ = {isa = PBXBuildFile; fileRef = 9C26854A271266DF007224C6 /* ImageLibraryTests.swift */; };
		9C268556271266DF007224C6 /* ImageLibraryUITests.swift in Sources */ = {isa = PBXBuildFile; fileRef = 9C268555271266DF007224C6 /* ImageLibraryUITests.swift */; };
		9C26857827128155007224C6 /* Endpoints.swift in Sources */ = {isa = PBXBuildFile; fileRef = 9C26857227128155007224C6 /* Endpoints.swift */; };
		9C26857927128155007224C6 /* APIError.swift in Sources */ = {isa = PBXBuildFile; fileRef = 9C26857327128155007224C6 /* APIError.swift */; };
		9C26857A27128155007224C6 /* WebService.swift in Sources */ = {isa = PBXBuildFile; fileRef = 9C26857427128155007224C6 /* WebService.swift */; };
		9C26857B27128155007224C6 /* ErrorModel.swift in Sources */ = {isa = PBXBuildFile; fileRef = 9C26857627128155007224C6 /* ErrorModel.swift */; };
		9C26857C27128155007224C6 /* NetworkingProtocol.swift in Sources */ = {isa = PBXBuildFile; fileRef = 9C26857727128155007224C6 /* NetworkingProtocol.swift */; };
		9C268592271281FB007224C6 /* Alertable.swift in Sources */ = {isa = PBXBuildFile; fileRef = 9C26857F271281FB007224C6 /* Alertable.swift */; };
		9C268596271281FB007224C6 /* URL+AppendingQuery.swift in Sources */ = {isa = PBXBuildFile; fileRef = 9C26858B271281FB007224C6 /* URL+AppendingQuery.swift */; };
		9C268597271281FB007224C6 /* String+localized.swift in Sources */ = {isa = PBXBuildFile; fileRef = 9C26858E271281FB007224C6 /* String+localized.swift */; };
		9C2685AE271282EE007224C6 /* ImageListPresenter.swift in Sources */ = {isa = PBXBuildFile; fileRef = 9C2685A2271282EE007224C6 /* ImageListPresenter.swift */; };
		9C2685AF271282EE007224C6 /* ImageListPresenterProtocols.swift in Sources */ = {isa = PBXBuildFile; fileRef = 9C2685A3271282EE007224C6 /* ImageListPresenterProtocols.swift */; };
		9C2685B0271282EE007224C6 /* ImageListWireframeProtocols.swift in Sources */ = {isa = PBXBuildFile; fileRef = 9C2685A5271282EE007224C6 /* ImageListWireframeProtocols.swift */; };
		9C2685B1271282EE007224C6 /* ImageListWireframe.swift in Sources */ = {isa = PBXBuildFile; fileRef = 9C2685A6271282EE007224C6 /* ImageListWireframe.swift */; };
		9C2685B2271282EE007224C6 /* ImageListView.swift in Sources */ = {isa = PBXBuildFile; fileRef = 9C2685A8271282EE007224C6 /* ImageListView.swift */; };
		9C2685B3271282EE007224C6 /* ImageListViewProtocols.swift in Sources */ = {isa = PBXBuildFile; fileRef = 9C2685A9271282EE007224C6 /* ImageListViewProtocols.swift */; };
		9C2685B4271282EE007224C6 /* ImageList.storyboard in Resources */ = {isa = PBXBuildFile; fileRef = 9C2685AA271282EE007224C6 /* ImageList.storyboard */; };
		9C2685B5271282EE007224C6 /* ImageListInteractor.swift in Sources */ = {isa = PBXBuildFile; fileRef = 9C2685AC271282EE007224C6 /* ImageListInteractor.swift */; };
		9C2685B6271282EE007224C6 /* ImageListInteractorProtocols.swift in Sources */ = {isa = PBXBuildFile; fileRef = 9C2685AD271282EE007224C6 /* ImageListInteractorProtocols.swift */; };
		9C2685BB27128394007224C6 /* ImageListCell.swift in Sources */ = {isa = PBXBuildFile; fileRef = 9C2685B927128394007224C6 /* ImageListCell.swift */; };
		9C2685BC27128394007224C6 /* ImageListCell.xib in Resources */ = {isa = PBXBuildFile; fileRef = 9C2685BA27128394007224C6 /* ImageListCell.xib */; };
		9C2685C027128590007224C6 /* AdCell.swift in Sources */ = {isa = PBXBuildFile; fileRef = 9C2685BE27128590007224C6 /* AdCell.swift */; };
		9C2685C127128590007224C6 /* AdCell.xib in Resources */ = {isa = PBXBuildFile; fileRef = 9C2685BF27128590007224C6 /* AdCell.xib */; };
		9C2685C4271288B9007224C6 /* ImageListCellType.swift in Sources */ = {isa = PBXBuildFile; fileRef = 9C2685C3271288B9007224C6 /* ImageListCellType.swift */; };
		9C2685C727128920007224C6 /* ImageListModel.swift in Sources */ = {isa = PBXBuildFile; fileRef = 9C2685C627128920007224C6 /* ImageListModel.swift */; };
		9C2685C927128E80007224C6 /* ImageListCellUIProtocol.swift in Sources */ = {isa = PBXBuildFile; fileRef = 9C2685C827128E80007224C6 /* ImageListCellUIProtocol.swift */; };
		9C2685CC2712952A007224C6 /* AdsInjector.swift in Sources */ = {isa = PBXBuildFile; fileRef = 9C2685CB2712952A007224C6 /* AdsInjector.swift */; };
		9C2685D02712C094007224C6 /* ImageLoader.swift in Sources */ = {isa = PBXBuildFile; fileRef = 9C2685CE2712C094007224C6 /* ImageLoader.swift */; };
		9C2685D12712C094007224C6 /* ImageCacheManager.swift in Sources */ = {isa = PBXBuildFile; fileRef = 9C2685CF2712C094007224C6 /* ImageCacheManager.swift */; };
		9C2685D42712C505007224C6 /* Localizable.strings in Resources */ = {isa = PBXBuildFile; fileRef = 9C2685D32712C505007224C6 /* Localizable.strings */; };
		9C2685E52712C9DA007224C6 /* ImageViewerPresenter.swift in Sources */ = {isa = PBXBuildFile; fileRef = 9C2685D92712C9DA007224C6 /* ImageViewerPresenter.swift */; };
		9C2685E62712C9DA007224C6 /* ImageViewerPresenterProtocols.swift in Sources */ = {isa = PBXBuildFile; fileRef = 9C2685DA2712C9DA007224C6 /* ImageViewerPresenterProtocols.swift */; };
		9C2685E72712C9DA007224C6 /* ImageViewerWireframeProtocols.swift in Sources */ = {isa = PBXBuildFile; fileRef = 9C2685DC2712C9DA007224C6 /* ImageViewerWireframeProtocols.swift */; };
		9C2685E82712C9DA007224C6 /* ImageViewerWireframe.swift in Sources */ = {isa = PBXBuildFile; fileRef = 9C2685DD2712C9DA007224C6 /* ImageViewerWireframe.swift */; };
		9C2685E92712C9DA007224C6 /* ImageViewerView.swift in Sources */ = {isa = PBXBuildFile; fileRef = 9C2685DF2712C9DA007224C6 /* ImageViewerView.swift */; };
		9C2685EA2712C9DA007224C6 /* ImageViewerViewProtocols.swift in Sources */ = {isa = PBXBuildFile; fileRef = 9C2685E02712C9DA007224C6 /* ImageViewerViewProtocols.swift */; };
		9C2685EB2712C9DA007224C6 /* ImageViewer.storyboard in Resources */ = {isa = PBXBuildFile; fileRef = 9C2685E12712C9DA007224C6 /* ImageViewer.storyboard */; };
		9C2685EC2712C9DA007224C6 /* ImageViewerInteractor.swift in Sources */ = {isa = PBXBuildFile; fileRef = 9C2685E32712C9DA007224C6 /* ImageViewerInteractor.swift */; };
		9C2685ED2712C9DA007224C6 /* ImageViewerInteractorProtocols.swift in Sources */ = {isa = PBXBuildFile; fileRef = 9C2685E42712C9DA007224C6 /* ImageViewerInteractorProtocols.swift */; };
		9C2685F12712D2A4007224C6 /* UIImage+averageColor.swift in Sources */ = {isa = PBXBuildFile; fileRef = 9C2685F02712D2A4007224C6 /* UIImage+averageColor.swift */; };
		9C2685F92712DA21007224C6 /* SaveToPhotosManager.m in Sources */ = {isa = PBXBuildFile; fileRef = 9C2685F72712DA21007224C6 /* SaveToPhotosManager.m */; };
/* End PBXBuildFile section */

/* Begin PBXContainerItemProxy section */
		9C268547271266DF007224C6 /* PBXContainerItemProxy */ = {
			isa = PBXContainerItemProxy;
			containerPortal = 9C268528271266DE007224C6 /* Project object */;
			proxyType = 1;
			remoteGlobalIDString = 9C26852F271266DE007224C6;
			remoteInfo = ImageLibrary;
		};
		9C268552271266DF007224C6 /* PBXContainerItemProxy */ = {
			isa = PBXContainerItemProxy;
			containerPortal = 9C268528271266DE007224C6 /* Project object */;
			proxyType = 1;
			remoteGlobalIDString = 9C26852F271266DE007224C6;
			remoteInfo = ImageLibrary;
		};
/* End PBXContainerItemProxy section */

/* Begin PBXFileReference section */
		9C268530271266DE007224C6 /* ImageLibrary.app */ = {isa = PBXFileReference; explicitFileType = wrapper.application; includeInIndex = 0; path = ImageLibrary.app; sourceTree = BUILT_PRODUCTS_DIR; };
		9C268533271266DE007224C6 /* AppDelegate.swift */ = {isa = PBXFileReference; lastKnownFileType = sourcecode.swift; path = AppDelegate.swift; sourceTree = "<group>"; };
		9C26853C271266DF007224C6 /* Assets.xcassets */ = {isa = PBXFileReference; lastKnownFileType = folder.assetcatalog; path = Assets.xcassets; sourceTree = "<group>"; };
		9C26853F271266DF007224C6 /* Base */ = {isa = PBXFileReference; lastKnownFileType = file.storyboard; name = Base; path = Base.lproj/LaunchScreen.storyboard; sourceTree = "<group>"; };
		9C268541271266DF007224C6 /* Info.plist */ = {isa = PBXFileReference; lastKnownFileType = text.plist.xml; path = Info.plist; sourceTree = "<group>"; };
		9C268546271266DF007224C6 /* ImageLibraryTests.xctest */ = {isa = PBXFileReference; explicitFileType = wrapper.cfbundle; includeInIndex = 0; path = ImageLibraryTests.xctest; sourceTree = BUILT_PRODUCTS_DIR; };
		9C26854A271266DF007224C6 /* ImageLibraryTests.swift */ = {isa = PBXFileReference; lastKnownFileType = sourcecode.swift; path = ImageLibraryTests.swift; sourceTree = "<group>"; };
		9C26854C271266DF007224C6 /* Info.plist */ = {isa = PBXFileReference; lastKnownFileType = text.plist.xml; path = Info.plist; sourceTree = "<group>"; };
		9C268551271266DF007224C6 /* ImageLibraryUITests.xctest */ = {isa = PBXFileReference; explicitFileType = wrapper.cfbundle; includeInIndex = 0; path = ImageLibraryUITests.xctest; sourceTree = BUILT_PRODUCTS_DIR; };
		9C268555271266DF007224C6 /* ImageLibraryUITests.swift */ = {isa = PBXFileReference; lastKnownFileType = sourcecode.swift; path = ImageLibraryUITests.swift; sourceTree = "<group>"; };
		9C268557271266DF007224C6 /* Info.plist */ = {isa = PBXFileReference; lastKnownFileType = text.plist.xml; path = Info.plist; sourceTree = "<group>"; };
		9C26857227128155007224C6 /* Endpoints.swift */ = {isa = PBXFileReference; fileEncoding = 4; lastKnownFileType = sourcecode.swift; path = Endpoints.swift; sourceTree = "<group>"; };
		9C26857327128155007224C6 /* APIError.swift */ = {isa = PBXFileReference; fileEncoding = 4; lastKnownFileType = sourcecode.swift; path = APIError.swift; sourceTree = "<group>"; };
		9C26857427128155007224C6 /* WebService.swift */ = {isa = PBXFileReference; fileEncoding = 4; lastKnownFileType = sourcecode.swift; path = WebService.swift; sourceTree = "<group>"; };
		9C26857627128155007224C6 /* ErrorModel.swift */ = {isa = PBXFileReference; fileEncoding = 4; lastKnownFileType = sourcecode.swift; path = ErrorModel.swift; sourceTree = "<group>"; };
		9C26857727128155007224C6 /* NetworkingProtocol.swift */ = {isa = PBXFileReference; fileEncoding = 4; lastKnownFileType = sourcecode.swift; path = NetworkingProtocol.swift; sourceTree = "<group>"; };
		9C26857F271281FB007224C6 /* Alertable.swift */ = {isa = PBXFileReference; fileEncoding = 4; lastKnownFileType = sourcecode.swift; path = Alertable.swift; sourceTree = "<group>"; };
		9C26858B271281FB007224C6 /* URL+AppendingQuery.swift */ = {isa = PBXFileReference; fileEncoding = 4; lastKnownFileType = sourcecode.swift; path = "URL+AppendingQuery.swift"; sourceTree = "<group>"; };
		9C26858E271281FB007224C6 /* String+localized.swift */ = {isa = PBXFileReference; fileEncoding = 4; lastKnownFileType = sourcecode.swift; path = "String+localized.swift"; sourceTree = "<group>"; };
		9C2685A2271282EE007224C6 /* ImageListPresenter.swift */ = {isa = PBXFileReference; fileEncoding = 4; lastKnownFileType = sourcecode.swift; path = ImageListPresenter.swift; sourceTree = "<group>"; };
		9C2685A3271282EE007224C6 /* ImageListPresenterProtocols.swift */ = {isa = PBXFileReference; fileEncoding = 4; lastKnownFileType = sourcecode.swift; path = ImageListPresenterProtocols.swift; sourceTree = "<group>"; };
		9C2685A5271282EE007224C6 /* ImageListWireframeProtocols.swift */ = {isa = PBXFileReference; fileEncoding = 4; lastKnownFileType = sourcecode.swift; path = ImageListWireframeProtocols.swift; sourceTree = "<group>"; };
		9C2685A6271282EE007224C6 /* ImageListWireframe.swift */ = {isa = PBXFileReference; fileEncoding = 4; lastKnownFileType = sourcecode.swift; path = ImageListWireframe.swift; sourceTree = "<group>"; };
		9C2685A8271282EE007224C6 /* ImageListView.swift */ = {isa = PBXFileReference; fileEncoding = 4; lastKnownFileType = sourcecode.swift; path = ImageListView.swift; sourceTree = "<group>"; };
		9C2685A9271282EE007224C6 /* ImageListViewProtocols.swift */ = {isa = PBXFileReference; fileEncoding = 4; lastKnownFileType = sourcecode.swift; path = ImageListViewProtocols.swift; sourceTree = "<group>"; };
		9C2685AA271282EE007224C6 /* ImageList.storyboard */ = {isa = PBXFileReference; fileEncoding = 4; lastKnownFileType = file.storyboard; path = ImageList.storyboard; sourceTree = "<group>"; };
		9C2685AC271282EE007224C6 /* ImageListInteractor.swift */ = {isa = PBXFileReference; fileEncoding = 4; lastKnownFileType = sourcecode.swift; path = ImageListInteractor.swift; sourceTree = "<group>"; };
		9C2685AD271282EE007224C6 /* ImageListInteractorProtocols.swift */ = {isa = PBXFileReference; fileEncoding = 4; lastKnownFileType = sourcecode.swift; path = ImageListInteractorProtocols.swift; sourceTree = "<group>"; };
		9C2685B927128394007224C6 /* ImageListCell.swift */ = {isa = PBXFileReference; lastKnownFileType = sourcecode.swift; path = ImageListCell.swift; sourceTree = "<group>"; };
		9C2685BA27128394007224C6 /* ImageListCell.xib */ = {isa = PBXFileReference; lastKnownFileType = file.xib; path = ImageListCell.xib; sourceTree = "<group>"; };
		9C2685BE27128590007224C6 /* AdCell.swift */ = {isa = PBXFileReference; lastKnownFileType = sourcecode.swift; path = AdCell.swift; sourceTree = "<group>"; };
		9C2685BF27128590007224C6 /* AdCell.xib */ = {isa = PBXFileReference; lastKnownFileType = file.xib; path = AdCell.xib; sourceTree = "<group>"; };
		9C2685C3271288B9007224C6 /* ImageListCellType.swift */ = {isa = PBXFileReference; lastKnownFileType = sourcecode.swift; path = ImageListCellType.swift; sourceTree = "<group>"; };
		9C2685C627128920007224C6 /* ImageListModel.swift */ = {isa = PBXFileReference; lastKnownFileType = sourcecode.swift; path = ImageListModel.swift; sourceTree = "<group>"; };
		9C2685C827128E80007224C6 /* ImageListCellUIProtocol.swift */ = {isa = PBXFileReference; lastKnownFileType = sourcecode.swift; path = ImageListCellUIProtocol.swift; sourceTree = "<group>"; };
		9C2685CB2712952A007224C6 /* AdsInjector.swift */ = {isa = PBXFileReference; lastKnownFileType = sourcecode.swift; path = AdsInjector.swift; sourceTree = "<group>"; };
		9C2685CE2712C094007224C6 /* ImageLoader.swift */ = {isa = PBXFileReference; fileEncoding = 4; lastKnownFileType = sourcecode.swift; path = ImageLoader.swift; sourceTree = "<group>"; };
		9C2685CF2712C094007224C6 /* ImageCacheManager.swift */ = {isa = PBXFileReference; fileEncoding = 4; lastKnownFileType = sourcecode.swift; path = ImageCacheManager.swift; sourceTree = "<group>"; };
		9C2685D32712C505007224C6 /* Localizable.strings */ = {isa = PBXFileReference; lastKnownFileType = text.plist.strings; path = Localizable.strings; sourceTree = "<group>"; };
		9C2685D92712C9DA007224C6 /* ImageViewerPresenter.swift */ = {isa = PBXFileReference; fileEncoding = 4; lastKnownFileType = sourcecode.swift; path = ImageViewerPresenter.swift; sourceTree = "<group>"; };
		9C2685DA2712C9DA007224C6 /* ImageViewerPresenterProtocols.swift */ = {isa = PBXFileReference; fileEncoding = 4; lastKnownFileType = sourcecode.swift; path = ImageViewerPresenterProtocols.swift; sourceTree = "<group>"; };
		9C2685DC2712C9DA007224C6 /* ImageViewerWireframeProtocols.swift */ = {isa = PBXFileReference; fileEncoding = 4; lastKnownFileType = sourcecode.swift; path = ImageViewerWireframeProtocols.swift; sourceTree = "<group>"; };
		9C2685DD2712C9DA007224C6 /* ImageViewerWireframe.swift */ = {isa = PBXFileReference; fileEncoding = 4; lastKnownFileType = sourcecode.swift; path = ImageViewerWireframe.swift; sourceTree = "<group>"; };
		9C2685DF2712C9DA007224C6 /* ImageViewerView.swift */ = {isa = PBXFileReference; fileEncoding = 4; lastKnownFileType = sourcecode.swift; path = ImageViewerView.swift; sourceTree = "<group>"; };
		9C2685E02712C9DA007224C6 /* ImageViewerViewProtocols.swift */ = {isa = PBXFileReference; fileEncoding = 4; lastKnownFileType = sourcecode.swift; path = ImageViewerViewProtocols.swift; sourceTree = "<group>"; };
		9C2685E12712C9DA007224C6 /* ImageViewer.storyboard */ = {isa = PBXFileReference; fileEncoding = 4; lastKnownFileType = file.storyboard; path = ImageViewer.storyboard; sourceTree = "<group>"; };
		9C2685E32712C9DA007224C6 /* ImageViewerInteractor.swift */ = {isa = PBXFileReference; fileEncoding = 4; lastKnownFileType = sourcecode.swift; path = ImageViewerInteractor.swift; sourceTree = "<group>"; };
		9C2685E42712C9DA007224C6 /* ImageViewerInteractorProtocols.swift */ = {isa = PBXFileReference; fileEncoding = 4; lastKnownFileType = sourcecode.swift; path = ImageViewerInteractorProtocols.swift; sourceTree = "<group>"; };
		9C2685F02712D2A4007224C6 /* UIImage+averageColor.swift */ = {isa = PBXFileReference; lastKnownFileType = sourcecode.swift; path = "UIImage+averageColor.swift"; sourceTree = "<group>"; };
		9C2685F62712DA20007224C6 /* ImageLibrary-Bridging-Header.h */ = {isa = PBXFileReference; lastKnownFileType = sourcecode.c.h; path = "ImageLibrary-Bridging-Header.h"; sourceTree = "<group>"; };
		9C2685F72712DA21007224C6 /* SaveToPhotosManager.m */ = {isa = PBXFileReference; fileEncoding = 4; lastKnownFileType = sourcecode.c.objc; path = SaveToPhotosManager.m; sourceTree = "<group>"; };
		9C2685F82712DA21007224C6 /* SaveToPhotosManager.h */ = {isa = PBXFileReference; fileEncoding = 4; lastKnownFileType = sourcecode.c.h; path = SaveToPhotosManager.h; sourceTree = "<group>"; };
/* End PBXFileReference section */

/* Begin PBXFrameworksBuildPhase section */
		9C26852D271266DE007224C6 /* Frameworks */ = {
			isa = PBXFrameworksBuildPhase;
			buildActionMask = 2147483647;
			files = (
			);
			runOnlyForDeploymentPostprocessing = 0;
		};
		9C268543271266DF007224C6 /* Frameworks */ = {
			isa = PBXFrameworksBuildPhase;
			buildActionMask = 2147483647;
			files = (
			);
			runOnlyForDeploymentPostprocessing = 0;
		};
		9C26854E271266DF007224C6 /* Frameworks */ = {
			isa = PBXFrameworksBuildPhase;
			buildActionMask = 2147483647;
			files = (
			);
			runOnlyForDeploymentPostprocessing = 0;
		};
/* End PBXFrameworksBuildPhase section */

/* Begin PBXGroup section */
		9C268527271266DE007224C6 = {
			isa = PBXGroup;
			children = (
				9C268532271266DE007224C6 /* ImageLibrary */,
				9C268549271266DF007224C6 /* ImageLibraryTests */,
				9C268554271266DF007224C6 /* ImageLibraryUITests */,
				9C268531271266DE007224C6 /* Products */,
			);
			sourceTree = "<group>";
		};
		9C268531271266DE007224C6 /* Products */ = {
			isa = PBXGroup;
			children = (
				9C268530271266DE007224C6 /* ImageLibrary.app */,
				9C268546271266DF007224C6 /* ImageLibraryTests.xctest */,
				9C268551271266DF007224C6 /* ImageLibraryUITests.xctest */,
			);
			name = Products;
			sourceTree = "<group>";
		};
		9C268532271266DE007224C6 /* ImageLibrary */ = {
			isa = PBXGroup;
			children = (
				9C2685992712825C007224C6 /* Scenes */,
				9C26857D271281FB007224C6 /* Utilities */,
				9C26857127128155007224C6 /* NetworkLayer */,
				9C26856F271280AF007224C6 /* Resources */,
				9C268533271266DE007224C6 /* AppDelegate.swift */,
				9C2685F62712DA20007224C6 /* ImageLibrary-Bridging-Header.h */,
				9C26853E271266DF007224C6 /* LaunchScreen.storyboard */,
				9C268541271266DF007224C6 /* Info.plist */,
			);
			path = ImageLibrary;
			sourceTree = "<group>";
		};
		9C268549271266DF007224C6 /* ImageLibraryTests */ = {
			isa = PBXGroup;
			children = (
				9C26854A271266DF007224C6 /* ImageLibraryTests.swift */,
				9C26854C271266DF007224C6 /* Info.plist */,
			);
			path = ImageLibraryTests;
			sourceTree = "<group>";
		};
		9C268554271266DF007224C6 /* ImageLibraryUITests */ = {
			isa = PBXGroup;
			children = (
				9C268555271266DF007224C6 /* ImageLibraryUITests.swift */,
				9C268557271266DF007224C6 /* Info.plist */,
			);
			path = ImageLibraryUITests;
			sourceTree = "<group>";
		};
		9C26856F271280AF007224C6 /* Resources */ = {
			isa = PBXGroup;
			children = (
				9C2685D22712C4CA007224C6 /* localization */,
				9C26857027128104007224C6 /* Assets */,
			);
			path = Resources;
			sourceTree = "<group>";
		};
		9C26857027128104007224C6 /* Assets */ = {
			isa = PBXGroup;
			children = (
				9C26853C271266DF007224C6 /* Assets.xcassets */,
			);
			path = Assets;
			sourceTree = "<group>";
		};
		9C26857127128155007224C6 /* NetworkLayer */ = {
			isa = PBXGroup;
			children = (
				9C26857227128155007224C6 /* Endpoints.swift */,
				9C26857327128155007224C6 /* APIError.swift */,
				9C26857427128155007224C6 /* WebService.swift */,
				9C26857527128155007224C6 /* Model */,
				9C26857727128155007224C6 /* NetworkingProtocol.swift */,
			);
			path = NetworkLayer;
			sourceTree = "<group>";
		};
		9C26857527128155007224C6 /* Model */ = {
			isa = PBXGroup;
			children = (
				9C26857627128155007224C6 /* ErrorModel.swift */,
			);
			path = Model;
			sourceTree = "<group>";
		};
		9C26857D271281FB007224C6 /* Utilities */ = {
			isa = PBXGroup;
			children = (
				9C2685F22712D892007224C6 /* SaveToPhotosManager */,
				9C2685CD2712C094007224C6 /* ImageLoader */,
				9C2685CA27129518007224C6 /* AdsInjector */,
				9C26857E271281FB007224C6 /* Alertable */,
				9C268585271281FB007224C6 /* Extensions */,
			);
			path = Utilities;
			sourceTree = "<group>";
		};
		9C26857E271281FB007224C6 /* Alertable */ = {
			isa = PBXGroup;
			children = (
				9C26857F271281FB007224C6 /* Alertable.swift */,
			);
			path = Alertable;
			sourceTree = "<group>";
		};
		9C268585271281FB007224C6 /* Extensions */ = {
			isa = PBXGroup;
			children = (
				9C2685EE2712D267007224C6 /* UIImage */,
				9C268589271281FB007224C6 /* URL */,
				9C26858C271281FB007224C6 /* String */,
			);
			path = Extensions;
			sourceTree = "<group>";
		};
		9C268589271281FB007224C6 /* URL */ = {
			isa = PBXGroup;
			children = (
				9C26858A271281FB007224C6 /* URL+appendingQuery */,
			);
			path = URL;
			sourceTree = "<group>";
		};
		9C26858A271281FB007224C6 /* URL+appendingQuery */ = {
			isa = PBXGroup;
			children = (
				9C26858B271281FB007224C6 /* URL+AppendingQuery.swift */,
			);
			path = "URL+appendingQuery";
			sourceTree = "<group>";
		};
		9C26858C271281FB007224C6 /* String */ = {
			isa = PBXGroup;
			children = (
				9C26858D271281FB007224C6 /* String+localized */,
			);
			path = String;
			sourceTree = "<group>";
		};
		9C26858D271281FB007224C6 /* String+localized */ = {
			isa = PBXGroup;
			children = (
				9C26858E271281FB007224C6 /* String+localized.swift */,
			);
			path = "String+localized";
			sourceTree = "<group>";
		};
		9C2685992712825C007224C6 /* Scenes */ = {
			isa = PBXGroup;
			children = (
				9C26859A27128265007224C6 /* ImageExplorer */,
			);
			path = Scenes;
			sourceTree = "<group>";
		};
		9C26859A27128265007224C6 /* ImageExplorer */ = {
			isa = PBXGroup;
			children = (
				9C2685A0271282EE007224C6 /* ImageList */,
				9C2685D72712C9DA007224C6 /* ImageViewer */,
			);
			path = ImageExplorer;
			sourceTree = "<group>";
		};
		9C2685A0271282EE007224C6 /* ImageList */ = {
			isa = PBXGroup;
			children = (
				9C2685C2271288A8007224C6 /* Model */,
				9C2685A1271282EE007224C6 /* Presenter */,
				9C2685A4271282EE007224C6 /* Wireframe */,
				9C2685A7271282EE007224C6 /* View */,
				9C2685AB271282EE007224C6 /* Interactor */,
			);
			path = ImageList;
			sourceTree = "<group>";
		};
		9C2685A1271282EE007224C6 /* Presenter */ = {
			isa = PBXGroup;
			children = (
				9C2685A2271282EE007224C6 /* ImageListPresenter.swift */,
				9C2685A3271282EE007224C6 /* ImageListPresenterProtocols.swift */,
			);
			path = Presenter;
			sourceTree = "<group>";
		};
		9C2685A4271282EE007224C6 /* Wireframe */ = {
			isa = PBXGroup;
			children = (
				9C2685A5271282EE007224C6 /* ImageListWireframeProtocols.swift */,
				9C2685A6271282EE007224C6 /* ImageListWireframe.swift */,
			);
			path = Wireframe;
			sourceTree = "<group>";
		};
		9C2685A7271282EE007224C6 /* View */ = {
			isa = PBXGroup;
			children = (
				9C2685B727128318007224C6 /* SubViews */,
				9C2685A8271282EE007224C6 /* ImageListView.swift */,
				9C2685A9271282EE007224C6 /* ImageListViewProtocols.swift */,
				9C2685AA271282EE007224C6 /* ImageList.storyboard */,
			);
			path = View;
			sourceTree = "<group>";
		};
		9C2685AB271282EE007224C6 /* Interactor */ = {
			isa = PBXGroup;
			children = (
				9C2685AC271282EE007224C6 /* ImageListInteractor.swift */,
				9C2685AD271282EE007224C6 /* ImageListInteractorProtocols.swift */,
			);
			path = Interactor;
			sourceTree = "<group>";
		};
		9C2685B727128318007224C6 /* SubViews */ = {
			isa = PBXGroup;
			children = (
				9C2685BD2712856E007224C6 /* AdCell */,
				9C2685B82712832C007224C6 /* ImageListCell */,
			);
			path = SubViews;
			sourceTree = "<group>";
		};
		9C2685B82712832C007224C6 /* ImageListCell */ = {
			isa = PBXGroup;
			children = (
				9C2685B927128394007224C6 /* ImageListCell.swift */,
				9C2685BA27128394007224C6 /* ImageListCell.xib */,
				9C2685C827128E80007224C6 /* ImageListCellUIProtocol.swift */,
			);
			path = ImageListCell;
			sourceTree = "<group>";
		};
		9C2685BD2712856E007224C6 /* AdCell */ = {
			isa = PBXGroup;
			children = (
				9C2685BE27128590007224C6 /* AdCell.swift */,
				9C2685BF27128590007224C6 /* AdCell.xib */,
			);
			path = AdCell;
			sourceTree = "<group>";
		};
		9C2685C2271288A8007224C6 /* Model */ = {
			isa = PBXGroup;
			children = (
				9C2685C3271288B9007224C6 /* ImageListCellType.swift */,
				9C2685C627128920007224C6 /* ImageListModel.swift */,
			);
			path = Model;
			sourceTree = "<group>";
		};
		9C2685CA27129518007224C6 /* AdsInjector */ = {
			isa = PBXGroup;
			children = (
				9C2685CB2712952A007224C6 /* AdsInjector.swift */,
			);
			path = AdsInjector;
			sourceTree = "<group>";
		};
		9C2685CD2712C094007224C6 /* ImageLoader */ = {
			isa = PBXGroup;
			children = (
				9C2685CE2712C094007224C6 /* ImageLoader.swift */,
				9C2685CF2712C094007224C6 /* ImageCacheManager.swift */,
			);
			path = ImageLoader;
			sourceTree = "<group>";
		};
		9C2685D22712C4CA007224C6 /* localization */ = {
			isa = PBXGroup;
			children = (
				9C2685D32712C505007224C6 /* Localizable.strings */,
			);
			path = localization;
			sourceTree = "<group>";
		};
		9C2685D72712C9DA007224C6 /* ImageViewer */ = {
			isa = PBXGroup;
			children = (
				9C2685D82712C9DA007224C6 /* Presenter */,
				9C2685DB2712C9DA007224C6 /* Wireframe */,
				9C2685DE2712C9DA007224C6 /* View */,
				9C2685E22712C9DA007224C6 /* Interactor */,
			);
			path = ImageViewer;
			sourceTree = "<group>";
		};
		9C2685D82712C9DA007224C6 /* Presenter */ = {
			isa = PBXGroup;
			children = (
				9C2685D92712C9DA007224C6 /* ImageViewerPresenter.swift */,
				9C2685DA2712C9DA007224C6 /* ImageViewerPresenterProtocols.swift */,
			);
			path = Presenter;
			sourceTree = "<group>";
		};
		9C2685DB2712C9DA007224C6 /* Wireframe */ = {
			isa = PBXGroup;
			children = (
				9C2685DC2712C9DA007224C6 /* ImageViewerWireframeProtocols.swift */,
				9C2685DD2712C9DA007224C6 /* ImageViewerWireframe.swift */,
			);
			path = Wireframe;
			sourceTree = "<group>";
		};
		9C2685DE2712C9DA007224C6 /* View */ = {
			isa = PBXGroup;
			children = (
				9C2685DF2712C9DA007224C6 /* ImageViewerView.swift */,
				9C2685E02712C9DA007224C6 /* ImageViewerViewProtocols.swift */,
				9C2685E12712C9DA007224C6 /* ImageViewer.storyboard */,
			);
			path = View;
			sourceTree = "<group>";
		};
		9C2685E22712C9DA007224C6 /* Interactor */ = {
			isa = PBXGroup;
			children = (
				9C2685E32712C9DA007224C6 /* ImageViewerInteractor.swift */,
				9C2685E42712C9DA007224C6 /* ImageViewerInteractorProtocols.swift */,
			);
			path = Interactor;
			sourceTree = "<group>";
		};
		9C2685EE2712D267007224C6 /* UIImage */ = {
			isa = PBXGroup;
			children = (
				9C2685EF2712D28D007224C6 /* UIImage+averageColor */,
			);
			path = UIImage;
			sourceTree = "<group>";
		};
		9C2685EF2712D28D007224C6 /* UIImage+averageColor */ = {
			isa = PBXGroup;
			children = (
				9C2685F02712D2A4007224C6 /* UIImage+averageColor.swift */,
			);
			path = "UIImage+averageColor";
			sourceTree = "<group>";
		};
		9C2685F22712D892007224C6 /* SaveToPhotosManager */ = {
			isa = PBXGroup;
			children = (
				9C2685F82712DA21007224C6 /* SaveToPhotosManager.h */,
				9C2685F72712DA21007224C6 /* SaveToPhotosManager.m */,
			);
			path = SaveToPhotosManager;
			sourceTree = "<group>";
		};
/* End PBXGroup section */

/* Begin PBXNativeTarget section */
		9C26852F271266DE007224C6 /* ImageLibrary */ = {
			isa = PBXNativeTarget;
			buildConfigurationList = 9C26855A271266DF007224C6 /* Build configuration list for PBXNativeTarget "ImageLibrary" */;
			buildPhases = (
				9C26852C271266DE007224C6 /* Sources */,
				9C26852D271266DE007224C6 /* Frameworks */,
				9C26852E271266DE007224C6 /* Resources */,
			);
			buildRules = (
			);
			dependencies = (
			);
			name = ImageLibrary;
			productName = ImageLibrary;
			productReference = 9C268530271266DE007224C6 /* ImageLibrary.app */;
			productType = "com.apple.product-type.application";
		};
		9C268545271266DF007224C6 /* ImageLibraryTests */ = {
			isa = PBXNativeTarget;
			buildConfigurationList = 9C26855D271266DF007224C6 /* Build configuration list for PBXNativeTarget "ImageLibraryTests" */;
			buildPhases = (
				9C268542271266DF007224C6 /* Sources */,
				9C268543271266DF007224C6 /* Frameworks */,
				9C268544271266DF007224C6 /* Resources */,
			);
			buildRules = (
			);
			dependencies = (
				9C268548271266DF007224C6 /* PBXTargetDependency */,
			);
			name = ImageLibraryTests;
			productName = ImageLibraryTests;
			productReference = 9C268546271266DF007224C6 /* ImageLibraryTests.xctest */;
			productType = "com.apple.product-type.bundle.unit-test";
		};
		9C268550271266DF007224C6 /* ImageLibraryUITests */ = {
			isa = PBXNativeTarget;
			buildConfigurationList = 9C268560271266DF007224C6 /* Build configuration list for PBXNativeTarget "ImageLibraryUITests" */;
			buildPhases = (
				9C26854D271266DF007224C6 /* Sources */,
				9C26854E271266DF007224C6 /* Frameworks */,
				9C26854F271266DF007224C6 /* Resources */,
			);
			buildRules = (
			);
			dependencies = (
				9C268553271266DF007224C6 /* PBXTargetDependency */,
			);
			name = ImageLibraryUITests;
			productName = ImageLibraryUITests;
			productReference = 9C268551271266DF007224C6 /* ImageLibraryUITests.xctest */;
			productType = "com.apple.product-type.bundle.ui-testing";
		};
/* End PBXNativeTarget section */

/* Begin PBXProject section */
		9C268528271266DE007224C6 /* Project object */ = {
			isa = PBXProject;
			attributes = {
				LastSwiftUpdateCheck = 1250;
				LastUpgradeCheck = 1250;
				TargetAttributes = {
					9C26852F271266DE007224C6 = {
						CreatedOnToolsVersion = 12.5.1;
						LastSwiftMigration = 1250;
					};
					9C268545271266DF007224C6 = {
						CreatedOnToolsVersion = 12.5.1;
						TestTargetID = 9C26852F271266DE007224C6;
					};
					9C268550271266DF007224C6 = {
						CreatedOnToolsVersion = 12.5.1;
						TestTargetID = 9C26852F271266DE007224C6;
					};
				};
			};
			buildConfigurationList = 9C26852B271266DE007224C6 /* Build configuration list for PBXProject "ImageLibrary" */;
			compatibilityVersion = "Xcode 9.3";
			developmentRegion = en;
			hasScannedForEncodings = 0;
			knownRegions = (
				en,
				Base,
			);
			mainGroup = 9C268527271266DE007224C6;
			productRefGroup = 9C268531271266DE007224C6 /* Products */;
			projectDirPath = "";
			projectRoot = "";
			targets = (
				9C26852F271266DE007224C6 /* ImageLibrary */,
				9C268545271266DF007224C6 /* ImageLibraryTests */,
				9C268550271266DF007224C6 /* ImageLibraryUITests */,
			);
		};
/* End PBXProject section */

/* Begin PBXResourcesBuildPhase section */
		9C26852E271266DE007224C6 /* Resources */ = {
			isa = PBXResourcesBuildPhase;
			buildActionMask = 2147483647;
			files = (
				9C2685B4271282EE007224C6 /* ImageList.storyboard in Resources */,
				9C2685EB2712C9DA007224C6 /* ImageViewer.storyboard in Resources */,
				9C2685D42712C505007224C6 /* Localizable.strings in Resources */,
				9C2685C127128590007224C6 /* AdCell.xib in Resources */,
				9C2685BC27128394007224C6 /* ImageListCell.xib in Resources */,
				9C268540271266DF007224C6 /* LaunchScreen.storyboard in Resources */,
				9C26853D271266DF007224C6 /* Assets.xcassets in Resources */,
			);
			runOnlyForDeploymentPostprocessing = 0;
		};
		9C268544271266DF007224C6 /* Resources */ = {
			isa = PBXResourcesBuildPhase;
			buildActionMask = 2147483647;
			files = (
			);
			runOnlyForDeploymentPostprocessing = 0;
		};
		9C26854F271266DF007224C6 /* Resources */ = {
			isa = PBXResourcesBuildPhase;
			buildActionMask = 2147483647;
			files = (
			);
			runOnlyForDeploymentPostprocessing = 0;
		};
/* End PBXResourcesBuildPhase section */

/* Begin PBXSourcesBuildPhase section */
		9C26852C271266DE007224C6 /* Sources */ = {
			isa = PBXSourcesBuildPhase;
			buildActionMask = 2147483647;
			files = (
				9C26857B27128155007224C6 /* ErrorModel.swift in Sources */,
				9C2685EA2712C9DA007224C6 /* ImageViewerViewProtocols.swift in Sources */,
				9C2685E62712C9DA007224C6 /* ImageViewerPresenterProtocols.swift in Sources */,
				9C2685BB27128394007224C6 /* ImageListCell.swift in Sources */,
				9C2685CC2712952A007224C6 /* AdsInjector.swift in Sources */,
				9C268592271281FB007224C6 /* Alertable.swift in Sources */,
				9C2685EC2712C9DA007224C6 /* ImageViewerInteractor.swift in Sources */,
				9C2685C027128590007224C6 /* AdCell.swift in Sources */,
				9C26857827128155007224C6 /* Endpoints.swift in Sources */,
				9C2685AF271282EE007224C6 /* ImageListPresenterProtocols.swift in Sources */,
				9C268534271266DE007224C6 /* AppDelegate.swift in Sources */,
				9C26857C27128155007224C6 /* NetworkingProtocol.swift in Sources */,
				9C2685B1271282EE007224C6 /* ImageListWireframe.swift in Sources */,
				9C2685F12712D2A4007224C6 /* UIImage+averageColor.swift in Sources */,
				9C2685B0271282EE007224C6 /* ImageListWireframeProtocols.swift in Sources */,
				9C26857A27128155007224C6 /* WebService.swift in Sources */,
				9C2685ED2712C9DA007224C6 /* ImageViewerInteractorProtocols.swift in Sources */,
				9C2685D12712C094007224C6 /* ImageCacheManager.swift in Sources */,
				9C2685C4271288B9007224C6 /* ImageListCellType.swift in Sources */,
				9C2685F92712DA21007224C6 /* SaveToPhotosManager.m in Sources */,
				9C2685B6271282EE007224C6 /* ImageListInteractorProtocols.swift in Sources */,
				9C2685D02712C094007224C6 /* ImageLoader.swift in Sources */,
				9C2685AE271282EE007224C6 /* ImageListPresenter.swift in Sources */,
				9C2685E92712C9DA007224C6 /* ImageViewerView.swift in Sources */,
				9C2685E72712C9DA007224C6 /* ImageViewerWireframeProtocols.swift in Sources */,
				9C2685B2271282EE007224C6 /* ImageListView.swift in Sources */,
				9C2685E82712C9DA007224C6 /* ImageViewerWireframe.swift in Sources */,
				9C2685C927128E80007224C6 /* ImageListCellUIProtocol.swift in Sources */,
				9C26857927128155007224C6 /* APIError.swift in Sources */,
				9C2685B3271282EE007224C6 /* ImageListViewProtocols.swift in Sources */,
				9C268597271281FB007224C6 /* String+localized.swift in Sources */,
				9C2685E52712C9DA007224C6 /* ImageViewerPresenter.swift in Sources */,
				9C2685C727128920007224C6 /* ImageListModel.swift in Sources */,
				9C2685B5271282EE007224C6 /* ImageListInteractor.swift in Sources */,
				9C268596271281FB007224C6 /* URL+AppendingQuery.swift in Sources */,
			);
			runOnlyForDeploymentPostprocessing = 0;
		};
		9C268542271266DF007224C6 /* Sources */ = {
			isa = PBXSourcesBuildPhase;
			buildActionMask = 2147483647;
			files = (
				9C26854B271266DF007224C6 /* ImageLibraryTests.swift in Sources */,
			);
			runOnlyForDeploymentPostprocessing = 0;
		};
		9C26854D271266DF007224C6 /* Sources */ = {
			isa = PBXSourcesBuildPhase;
			buildActionMask = 2147483647;
			files = (
				9C268556271266DF007224C6 /* ImageLibraryUITests.swift in Sources */,
			);
			runOnlyForDeploymentPostprocessing = 0;
		};
/* End PBXSourcesBuildPhase section */

/* Begin PBXTargetDependency section */
		9C268548271266DF007224C6 /* PBXTargetDependency */ = {
			isa = PBXTargetDependency;
			target = 9C26852F271266DE007224C6 /* ImageLibrary */;
			targetProxy = 9C268547271266DF007224C6 /* PBXContainerItemProxy */;
		};
		9C268553271266DF007224C6 /* PBXTargetDependency */ = {
			isa = PBXTargetDependency;
			target = 9C26852F271266DE007224C6 /* ImageLibrary */;
			targetProxy = 9C268552271266DF007224C6 /* PBXContainerItemProxy */;
		};
/* End PBXTargetDependency section */

/* Begin PBXVariantGroup section */
		9C26853E271266DF007224C6 /* LaunchScreen.storyboard */ = {
			isa = PBXVariantGroup;
			children = (
				9C26853F271266DF007224C6 /* Base */,
			);
			name = LaunchScreen.storyboard;
			sourceTree = "<group>";
		};
/* End PBXVariantGroup section */

/* Begin XCBuildConfiguration section */
		9C268558271266DF007224C6 /* Debug */ = {
			isa = XCBuildConfiguration;
			buildSettings = {
				ALWAYS_SEARCH_USER_PATHS = NO;
				CLANG_ANALYZER_NONNULL = YES;
				CLANG_ANALYZER_NUMBER_OBJECT_CONVERSION = YES_AGGRESSIVE;
				CLANG_CXX_LANGUAGE_STANDARD = "gnu++14";
				CLANG_CXX_LIBRARY = "libc++";
				CLANG_ENABLE_MODULES = YES;
				CLANG_ENABLE_OBJC_ARC = YES;
				CLANG_ENABLE_OBJC_WEAK = YES;
				CLANG_WARN_BLOCK_CAPTURE_AUTORELEASING = YES;
				CLANG_WARN_BOOL_CONVERSION = YES;
				CLANG_WARN_COMMA = YES;
				CLANG_WARN_CONSTANT_CONVERSION = YES;
				CLANG_WARN_DEPRECATED_OBJC_IMPLEMENTATIONS = YES;
				CLANG_WARN_DIRECT_OBJC_ISA_USAGE = YES_ERROR;
				CLANG_WARN_DOCUMENTATION_COMMENTS = YES;
				CLANG_WARN_EMPTY_BODY = YES;
				CLANG_WARN_ENUM_CONVERSION = YES;
				CLANG_WARN_INFINITE_RECURSION = YES;
				CLANG_WARN_INT_CONVERSION = YES;
				CLANG_WARN_NON_LITERAL_NULL_CONVERSION = YES;
				CLANG_WARN_OBJC_IMPLICIT_RETAIN_SELF = YES;
				CLANG_WARN_OBJC_LITERAL_CONVERSION = YES;
				CLANG_WARN_OBJC_ROOT_CLASS = YES_ERROR;
				CLANG_WARN_QUOTED_INCLUDE_IN_FRAMEWORK_HEADER = YES;
				CLANG_WARN_RANGE_LOOP_ANALYSIS = YES;
				CLANG_WARN_STRICT_PROTOTYPES = YES;
				CLANG_WARN_SUSPICIOUS_MOVE = YES;
				CLANG_WARN_UNGUARDED_AVAILABILITY = YES_AGGRESSIVE;
				CLANG_WARN_UNREACHABLE_CODE = YES;
				CLANG_WARN__DUPLICATE_METHOD_MATCH = YES;
				COPY_PHASE_STRIP = NO;
				DEBUG_INFORMATION_FORMAT = dwarf;
				ENABLE_STRICT_OBJC_MSGSEND = YES;
				ENABLE_TESTABILITY = YES;
				GCC_C_LANGUAGE_STANDARD = gnu11;
				GCC_DYNAMIC_NO_PIC = NO;
				GCC_NO_COMMON_BLOCKS = YES;
				GCC_OPTIMIZATION_LEVEL = 0;
				GCC_PREPROCESSOR_DEFINITIONS = (
					"DEBUG=1",
					"$(inherited)",
				);
				GCC_WARN_64_TO_32_BIT_CONVERSION = YES;
				GCC_WARN_ABOUT_RETURN_TYPE = YES_ERROR;
				GCC_WARN_UNDECLARED_SELECTOR = YES;
				GCC_WARN_UNINITIALIZED_AUTOS = YES_AGGRESSIVE;
				GCC_WARN_UNUSED_FUNCTION = YES;
				GCC_WARN_UNUSED_VARIABLE = YES;
				IPHONEOS_DEPLOYMENT_TARGET = 14.5;
				MTL_ENABLE_DEBUG_INFO = INCLUDE_SOURCE;
				MTL_FAST_MATH = YES;
				ONLY_ACTIVE_ARCH = YES;
				SDKROOT = iphoneos;
				SWIFT_ACTIVE_COMPILATION_CONDITIONS = DEBUG;
				SWIFT_OPTIMIZATION_LEVEL = "-Onone";
			};
			name = Debug;
		};
		9C268559271266DF007224C6 /* Release */ = {
			isa = XCBuildConfiguration;
			buildSettings = {
				ALWAYS_SEARCH_USER_PATHS = NO;
				CLANG_ANALYZER_NONNULL = YES;
				CLANG_ANALYZER_NUMBER_OBJECT_CONVERSION = YES_AGGRESSIVE;
				CLANG_CXX_LANGUAGE_STANDARD = "gnu++14";
				CLANG_CXX_LIBRARY = "libc++";
				CLANG_ENABLE_MODULES = YES;
				CLANG_ENABLE_OBJC_ARC = YES;
				CLANG_ENABLE_OBJC_WEAK = YES;
				CLANG_WARN_BLOCK_CAPTURE_AUTORELEASING = YES;
				CLANG_WARN_BOOL_CONVERSION = YES;
				CLANG_WARN_COMMA = YES;
				CLANG_WARN_CONSTANT_CONVERSION = YES;
				CLANG_WARN_DEPRECATED_OBJC_IMPLEMENTATIONS = YES;
				CLANG_WARN_DIRECT_OBJC_ISA_USAGE = YES_ERROR;
				CLANG_WARN_DOCUMENTATION_COMMENTS = YES;
				CLANG_WARN_EMPTY_BODY = YES;
				CLANG_WARN_ENUM_CONVERSION = YES;
				CLANG_WARN_INFINITE_RECURSION = YES;
				CLANG_WARN_INT_CONVERSION = YES;
				CLANG_WARN_NON_LITERAL_NULL_CONVERSION = YES;
				CLANG_WARN_OBJC_IMPLICIT_RETAIN_SELF = YES;
				CLANG_WARN_OBJC_LITERAL_CONVERSION = YES;
				CLANG_WARN_OBJC_ROOT_CLASS = YES_ERROR;
				CLANG_WARN_QUOTED_INCLUDE_IN_FRAMEWORK_HEADER = YES;
				CLANG_WARN_RANGE_LOOP_ANALYSIS = YES;
				CLANG_WARN_STRICT_PROTOTYPES = YES;
				CLANG_WARN_SUSPICIOUS_MOVE = YES;
				CLANG_WARN_UNGUARDED_AVAILABILITY = YES_AGGRESSIVE;
				CLANG_WARN_UNREACHABLE_CODE = YES;
				CLANG_WARN__DUPLICATE_METHOD_MATCH = YES;
				COPY_PHASE_STRIP = NO;
				DEBUG_INFORMATION_FORMAT = "dwarf-with-dsym";
				ENABLE_NS_ASSERTIONS = NO;
				ENABLE_STRICT_OBJC_MSGSEND = YES;
				GCC_C_LANGUAGE_STANDARD = gnu11;
				GCC_NO_COMMON_BLOCKS = YES;
				GCC_WARN_64_TO_32_BIT_CONVERSION = YES;
				GCC_WARN_ABOUT_RETURN_TYPE = YES_ERROR;
				GCC_WARN_UNDECLARED_SELECTOR = YES;
				GCC_WARN_UNINITIALIZED_AUTOS = YES_AGGRESSIVE;
				GCC_WARN_UNUSED_FUNCTION = YES;
				GCC_WARN_UNUSED_VARIABLE = YES;
				IPHONEOS_DEPLOYMENT_TARGET = 14.5;
				MTL_ENABLE_DEBUG_INFO = NO;
				MTL_FAST_MATH = YES;
				SDKROOT = iphoneos;
				SWIFT_COMPILATION_MODE = wholemodule;
				SWIFT_OPTIMIZATION_LEVEL = "-O";
				VALIDATE_PRODUCT = YES;
			};
			name = Release;
		};
		9C26855B271266DF007224C6 /* Debug */ = {
			isa = XCBuildConfiguration;
			buildSettings = {
				ASSETCATALOG_COMPILER_APPICON_NAME = AppIcon;
				ASSETCATALOG_COMPILER_GLOBAL_ACCENT_COLOR_NAME = AccentColor;
				CLANG_ENABLE_MODULES = YES;
				CODE_SIGN_STYLE = Automatic;
				INFOPLIST_FILE = ImageLibrary/Info.plist;
				LD_RUNPATH_SEARCH_PATHS = (
					"$(inherited)",
					"@executable_path/Frameworks",
				);
				PRODUCT_BUNDLE_IDENTIFIER = AhmedFitoh.ImageLibrary;
				PRODUCT_NAME = "$(TARGET_NAME)";
				SWIFT_OBJC_BRIDGING_HEADER = "ImageLibrary/ImageLibrary-Bridging-Header.h";
				SWIFT_OPTIMIZATION_LEVEL = "-Onone";
				SWIFT_VERSION = 5.0;
				TARGETED_DEVICE_FAMILY = "1,2";
			};
			name = Debug;
		};
		9C26855C271266DF007224C6 /* Release */ = {
			isa = XCBuildConfiguration;
			buildSettings = {
				ASSETCATALOG_COMPILER_APPICON_NAME = AppIcon;
				ASSETCATALOG_COMPILER_GLOBAL_ACCENT_COLOR_NAME = AccentColor;
				CLANG_ENABLE_MODULES = YES;
				CODE_SIGN_STYLE = Automatic;
				INFOPLIST_FILE = ImageLibrary/Info.plist;
				LD_RUNPATH_SEARCH_PATHS = (
					"$(inherited)",
					"@executable_path/Frameworks",
				);
				PRODUCT_BUNDLE_IDENTIFIER = AhmedFitoh.ImageLibrary;
				PRODUCT_NAME = "$(TARGET_NAME)";
				SWIFT_OBJC_BRIDGING_HEADER = "ImageLibrary/ImageLibrary-Bridging-Header.h";
				SWIFT_VERSION = 5.0;
				TARGETED_DEVICE_FAMILY = "1,2";
			};
			name = Release;
		};
		9C26855E271266DF007224C6 /* Debug */ = {
			isa = XCBuildConfiguration;
			buildSettings = {
				ALWAYS_EMBED_SWIFT_STANDARD_LIBRARIES = YES;
				BUNDLE_LOADER = "$(TEST_HOST)";
				CODE_SIGN_STYLE = Automatic;
				INFOPLIST_FILE = ImageLibraryTests/Info.plist;
				IPHONEOS_DEPLOYMENT_TARGET = 14.5;
				LD_RUNPATH_SEARCH_PATHS = (
					"$(inherited)",
					"@executable_path/Frameworks",
					"@loader_path/Frameworks",
				);
				PRODUCT_BUNDLE_IDENTIFIER = AhmedFitoh.ImageLibraryTests;
				PRODUCT_NAME = "$(TARGET_NAME)";
				SWIFT_VERSION = 5.0;
				TARGETED_DEVICE_FAMILY = "1,2";
				TEST_HOST = "$(BUILT_PRODUCTS_DIR)/ImageLibrary.app/ImageLibrary";
			};
			name = Debug;
		};
		9C26855F271266DF007224C6 /* Release */ = {
			isa = XCBuildConfiguration;
			buildSettings = {
				ALWAYS_EMBED_SWIFT_STANDARD_LIBRARIES = YES;
				BUNDLE_LOADER = "$(TEST_HOST)";
				CODE_SIGN_STYLE = Automatic;
				INFOPLIST_FILE = ImageLibraryTests/Info.plist;
				IPHONEOS_DEPLOYMENT_TARGET = 14.5;
				LD_RUNPATH_SEARCH_PATHS = (
					"$(inherited)",
					"@executable_path/Frameworks",
					"@loader_path/Frameworks",
				);
				PRODUCT_BUNDLE_IDENTIFIER = AhmedFitoh.ImageLibraryTests;
				PRODUCT_NAME = "$(TARGET_NAME)";
				SWIFT_VERSION = 5.0;
				TARGETED_DEVICE_FAMILY = "1,2";
				TEST_HOST = "$(BUILT_PRODUCTS_DIR)/ImageLibrary.app/ImageLibrary";
			};
			name = Release;
		};
		9C268561271266DF007224C6 /* Debug */ = {
			isa = XCBuildConfiguration;
			buildSettings = {
				ALWAYS_EMBED_SWIFT_STANDARD_LIBRARIES = YES;
				CODE_SIGN_STYLE = Automatic;
				INFOPLIST_FILE = ImageLibraryUITests/Info.plist;
				LD_RUNPATH_SEARCH_PATHS = (
					"$(inherited)",
					"@executable_path/Frameworks",
					"@loader_path/Frameworks",
				);
				PRODUCT_BUNDLE_IDENTIFIER = AhmedFitoh.ImageLibraryUITests;
				PRODUCT_NAME = "$(TARGET_NAME)";
				SWIFT_VERSION = 5.0;
				TARGETED_DEVICE_FAMILY = "1,2";
				TEST_TARGET_NAME = ImageLibrary;
			};
			name = Debug;
		};
		9C268562271266DF007224C6 /* Release */ = {
			isa = XCBuildConfiguration;
			buildSettings = {
				ALWAYS_EMBED_SWIFT_STANDARD_LIBRARIES = YES;
				CODE_SIGN_STYLE = Automatic;
				INFOPLIST_FILE = ImageLibraryUITests/Info.plist;
				LD_RUNPATH_SEARCH_PATHS = (
					"$(inherited)",
					"@executable_path/Frameworks",
					"@loader_path/Frameworks",
				);
				PRODUCT_BUNDLE_IDENTIFIER = AhmedFitoh.ImageLibraryUITests;
				PRODUCT_NAME = "$(TARGET_NAME)";
				SWIFT_VERSION = 5.0;
				TARGETED_DEVICE_FAMILY = "1,2";
				TEST_TARGET_NAME = ImageLibrary;
			};
			name = Release;
		};
/* End XCBuildConfiguration section */

/* Begin XCConfigurationList section */
		9C26852B271266DE007224C6 /* Build configuration list for PBXProject "ImageLibrary" */ = {
			isa = XCConfigurationList;
			buildConfigurations = (
				9C268558271266DF007224C6 /* Debug */,
				9C268559271266DF007224C6 /* Release */,
			);
			defaultConfigurationIsVisible = 0;
			defaultConfigurationName = Release;
		};
		9C26855A271266DF007224C6 /* Build configuration list for PBXNativeTarget "ImageLibrary" */ = {
			isa = XCConfigurationList;
			buildConfigurations = (
				9C26855B271266DF007224C6 /* Debug */,
				9C26855C271266DF007224C6 /* Release */,
			);
			defaultConfigurationIsVisible = 0;
			defaultConfigurationName = Release;
		};
		9C26855D271266DF007224C6 /* Build configuration list for PBXNativeTarget "ImageLibraryTests" */ = {
			isa = XCConfigurationList;
			buildConfigurations = (
				9C26855E271266DF007224C6 /* Debug */,
				9C26855F271266DF007224C6 /* Release */,
			);
			defaultConfigurationIsVisible = 0;
			defaultConfigurationName = Release;
		};
		9C268560271266DF007224C6 /* Build configuration list for PBXNativeTarget "ImageLibraryUITests" */ = {
			isa = XCConfigurationList;
			buildConfigurations = (
				9C268561271266DF007224C6 /* Debug */,
				9C268562271266DF007224C6 /* Release */,
			);
			defaultConfigurationIsVisible = 0;
			defaultConfigurationName = Release;
		};
/* End XCConfigurationList section */
	};
	rootObject = 9C268528271266DE007224C6 /* Project object */;
}
